
Microsoft Visual Studio Solution File, Format Version 12.00
# Visual Studio Version 16
VisualStudioVersion = 16.0.31105.61
MinimumVisualStudioVersion = 10.0.40219.1
Project("{FAE04EC0-301F-11D3-BF4B-00C04F79EFBC}") = "PR3TP02", "PR3TP02\PR3TP02.csproj", "{61BD67D7-E259-404C-9F3E-BED29DD50DC3}"
EndProject
Global
	GlobalSection(SolutionConfigurationPlatforms) = preSolution
		Debug|Any CPU = Debug|Any CPU
		Release|Any CPU = Release|Any CPU
	EndGlobalSection
	GlobalSection(ProjectConfigurationPlatforms) = postSolution
		{61BD67D7-E259-404C-9F3E-BED29DD50DC3}.Debug|Any CPU.ActiveCfg = Debug|Any CPU
		{61BD67D7-E259-404C-9F3E-BED29DD50DC3}.Debug|Any CPU.Build.0 = Debug|Any CPU
		{61BD67D7-E259-404C-9F3E-BED29DD50DC3}.Release|Any CPU.ActiveCfg = Release|Any CPU
		{61BD67D7-E259-404C-9F3E-BED29DD50DC3}.Release|Any CPU.Build.0 = Release|Any CPU
	EndGlobalSection
	GlobalSection(SolutionProperties) = preSolution
		HideSolutionNode = FALSE
	EndGlobalSection
	GlobalSection(ExtensibilityGlobals) = postSolution
		SolutionGuid = {21BBDEA8-FCCA-4EA5-8649-3A6D32AD045F}
	EndGlobalSection
EndGlobal
